
Microsoft Visual Studio Solution File, Format Version 12.00
# Visual Studio Version 17
VisualStudioVersion = 17.7.34024.191
MinimumVisualStudioVersion = 10.0.40219.1
Project("{FAE04EC0-301F-11D3-BF4B-00C04F79EFBC}") = "ConsoleApp39", "ConsoleApp39\ConsoleApp39.csproj", "{B3DC5F0F-4154-45B2-8603-06A47D02CEA3}"
EndProject
Global
	GlobalSection(SolutionConfigurationPlatforms) = preSolution
		Debug|Any CPU = Debug|Any CPU
		Release|Any CPU = Release|Any CPU
	EndGlobalSection
	GlobalSection(ProjectConfigurationPlatforms) = postSolution
		{B3DC5F0F-4154-45B2-8603-06A47D02CEA3}.Debug|Any CPU.ActiveCfg = Debug|Any CPU
		{B3DC5F0F-4154-45B2-8603-06A47D02CEA3}.Debug|Any CPU.Build.0 = Debug|Any CPU
		{B3DC5F0F-4154-45B2-8603-06A47D02CEA3}.Release|Any CPU.ActiveCfg = Release|Any CPU
		{B3DC5F0F-4154-45B2-8603-06A47D02CEA3}.Release|Any CPU.Build.0 = Release|Any CPU
	EndGlobalSection
	GlobalSection(SolutionProperties) = preSolution
		HideSolutionNode = FALSE
	EndGlobalSection
	GlobalSection(ExtensibilityGlobals) = postSolution
		SolutionGuid = {7C725091-B96F-405B-A12C-F3BD89065FB4}
	EndGlobalSection
EndGlobal
